// !$*UTF8*$!
{
	archiveVersion = 1;
	classes = {
	};
	objectVersion = 56;
	objects = {

/* Begin PBXBuildFile section */
		670E8C642C0477640076BA0F /* AppDelegate.swift in Sources */ = {isa = PBXBuildFile; fileRef = 670E8C632C0477640076BA0F /* AppDelegate.swift */; };
		670E8C662C0477640076BA0F /* SceneDelegate.swift in Sources */ = {isa = PBXBuildFile; fileRef = 670E8C652C0477640076BA0F /* SceneDelegate.swift */; };
		670E8C682C0477640076BA0F /* ViewController.swift in Sources */ = {isa = PBXBuildFile; fileRef = 670E8C672C0477640076BA0F /* ViewController.swift */; };
		670E8C6B2C0477640076BA0F /* Base in Resources */ = {isa = PBXBuildFile; fileRef = 670E8C6A2C0477640076BA0F /* Base */; };
		670E8C6E2C0477640076BA0F /* Lab10.xcdatamodeld in Sources */ = {isa = PBXBuildFile; fileRef = 670E8C6C2C0477640076BA0F /* Lab10.xcdatamodeld */; };
		670E8C702C0477650076BA0F /* Assets.xcassets in Resources */ = {isa = PBXBuildFile; fileRef = 670E8C6F2C0477650076BA0F /* Assets.xcassets */; };
		670E8C7E2C0477650076BA0F /* Lab10Tests.swift in Sources */ = {isa = PBXBuildFile; fileRef = 670E8C7D2C0477650076BA0F /* Lab10Tests.swift */; };
		670E8C882C0477650076BA0F /* Lab10UITests.swift in Sources */ = {isa = PBXBuildFile; fileRef = 670E8C872C0477650076BA0F /* Lab10UITests.swift */; };
		670E8C8A2C0477650076BA0F /* Lab10UITestsLaunchTests.swift in Sources */ = {isa = PBXBuildFile; fileRef = 670E8C892C0477650076BA0F /* Lab10UITestsLaunchTests.swift */; };
		670E8C9A2C04C00E0076BA0F /* DatabaseManager.swift in Sources */ = {isa = PBXBuildFile; fileRef = 670E8C992C04C00E0076BA0F /* DatabaseManager.swift */; };
		670E8C9D2C04C1240076BA0F /* libsqlite3.tbd in Frameworks */ = {isa = PBXBuildFile; fileRef = 670E8C9C2C04C1240076BA0F /* libsqlite3.tbd */; };
		670E8C9F2C04C35B0076BA0F /* Client.swift in Sources */ = {isa = PBXBuildFile; fileRef = 670E8C9E2C04C35B0076BA0F /* Client.swift */; };
		670E8CA12C04C5F20076BA0F /* Clinic.swift in Sources */ = {isa = PBXBuildFile; fileRef = 670E8CA02C04C5F20076BA0F /* Clinic.swift */; };
		670E8CA32C04C61C0076BA0F /* Appointment.swift in Sources */ = {isa = PBXBuildFile; fileRef = 670E8CA22C04C61C0076BA0F /* Appointment.swift */; };
		670E8CA52C04C64B0076BA0F /* Department.swift in Sources */ = {isa = PBXBuildFile; fileRef = 670E8CA42C04C64B0076BA0F /* Department.swift */; };
		670E8CA92C04D15D0076BA0F /* ClientController.swift in Sources */ = {isa = PBXBuildFile; fileRef = 670E8CA82C04D15D0076BA0F /* ClientController.swift */; };
		670E8CAB2C04D1F90076BA0F /* ClinicController.swift in Sources */ = {isa = PBXBuildFile; fileRef = 670E8CAA2C04D1F90076BA0F /* ClinicController.swift */; };
		670E8CAD2C04D6120076BA0F /* AppointmentController.swift in Sources */ = {isa = PBXBuildFile; fileRef = 670E8CAC2C04D6120076BA0F /* AppointmentController.swift */; };
		670E8CB02C04D6640076BA0F /* DepartmentController.swift in Sources */ = {isa = PBXBuildFile; fileRef = 670E8CAF2C04D6640076BA0F /* DepartmentController.swift */; };
		670E8CB42C050DEB0076BA0F /* LoginRegisterViewController.swift in Sources */ = {isa = PBXBuildFile; fileRef = 670E8CB32C050DEB0076BA0F /* LoginRegisterViewController.swift */; };
		670E8CB82C050E780076BA0F /* ClinicsViewController.swift in Sources */ = {isa = PBXBuildFile; fileRef = 670E8CB72C050E780076BA0F /* ClinicsViewController.swift */; };
		670E8CBA2C050E970076BA0F /* ClientInfoViewController.swift in Sources */ = {isa = PBXBuildFile; fileRef = 670E8CB92C050E970076BA0F /* ClientInfoViewController.swift */; };
		670E8CBE2C0534FD0076BA0F /* Validator.swift in Sources */ = {isa = PBXBuildFile; fileRef = 670E8CBD2C0534FD0076BA0F /* Validator.swift */; };
		670E8CC02C0542C70076BA0F /* ClinicsMapViewController.swift in Sources */ = {isa = PBXBuildFile; fileRef = 670E8CBF2C0542C70076BA0F /* ClinicsMapViewController.swift */; };
		670E8CC62C05E6B50076BA0F /* ClientSession.swift in Sources */ = {isa = PBXBuildFile; fileRef = 670E8CC52C05E6B50076BA0F /* ClientSession.swift */; };
		670E8CCA2C05F3530076BA0F /* EditAppointmentViewController.swift in Sources */ = {isa = PBXBuildFile; fileRef = 670E8CC92C05F3530076BA0F /* EditAppointmentViewController.swift */; };
		670E8CCC2C05F3A60076BA0F /* CreateAppointmentViewController.swift in Sources */ = {isa = PBXBuildFile; fileRef = 670E8CCB2C05F3A60076BA0F /* CreateAppointmentViewController.swift */; };
		670E8CDB2C0737010076BA0F /* AppointmentSession.swift in Sources */ = {isa = PBXBuildFile; fileRef = 670E8CDA2C0737010076BA0F /* AppointmentSession.swift */; };
		670E8CE02C0773710076BA0F /* database.db in Resources */ = {isa = PBXBuildFile; fileRef = 670E8CDF2C0773710076BA0F /* database.db */; };
		670E8CE22C077B430076BA0F /* Launch Screen.storyboard in Resources */ = {isa = PBXBuildFile; fileRef = 670E8CE12C077B430076BA0F /* Launch Screen.storyboard */; };
/* End PBXBuildFile section */

/* Begin PBXContainerItemProxy section */
		670E8C7A2C0477650076BA0F /* PBXContainerItemProxy */ = {
			isa = PBXContainerItemProxy;
			containerPortal = 670E8C582C0477640076BA0F /* Project object */;
			proxyType = 1;
			remoteGlobalIDString = 670E8C5F2C0477640076BA0F;
			remoteInfo = Lab10;
		};
		670E8C842C0477650076BA0F /* PBXContainerItemProxy */ = {
			isa = PBXContainerItemProxy;
			containerPortal = 670E8C582C0477640076BA0F /* Project object */;
			proxyType = 1;
			remoteGlobalIDString = 670E8C5F2C0477640076BA0F;
			remoteInfo = Lab10;
		};
/* End PBXContainerItemProxy section */

/* Begin PBXFileReference section */
		670E8C602C0477640076BA0F /* Lab10.app */ = {isa = PBXFileReference; explicitFileType = wrapper.application; includeInIndex = 0; path = Lab10.app; sourceTree = BUILT_PRODUCTS_DIR; };
		670E8C632C0477640076BA0F /* AppDelegate.swift */ = {isa = PBXFileReference; lastKnownFileType = sourcecode.swift; path = AppDelegate.swift; sourceTree = "<group>"; };
		670E8C652C0477640076BA0F /* SceneDelegate.swift */ = {isa = PBXFileReference; lastKnownFileType = sourcecode.swift; path = SceneDelegate.swift; sourceTree = "<group>"; };
		670E8C672C0477640076BA0F /* ViewController.swift */ = {isa = PBXFileReference; lastKnownFileType = sourcecode.swift; path = ViewController.swift; sourceTree = "<group>"; };
		670E8C6A2C0477640076BA0F /* Base */ = {isa = PBXFileReference; lastKnownFileType = file.storyboard; name = Base; path = Base.lproj/Main.storyboard; sourceTree = "<group>"; };
		670E8C6D2C0477640076BA0F /* Lab10.xcdatamodel */ = {isa = PBXFileReference; lastKnownFileType = wrapper.xcdatamodel; path = Lab10.xcdatamodel; sourceTree = "<group>"; };
		670E8C6F2C0477650076BA0F /* Assets.xcassets */ = {isa = PBXFileReference; lastKnownFileType = folder.assetcatalog; path = Assets.xcassets; sourceTree = "<group>"; };
		670E8C742C0477650076BA0F /* Info.plist */ = {isa = PBXFileReference; lastKnownFileType = text.plist.xml; path = Info.plist; sourceTree = "<group>"; };
		670E8C792C0477650076BA0F /* Lab10Tests.xctest */ = {isa = PBXFileReference; explicitFileType = wrapper.cfbundle; includeInIndex = 0; path = Lab10Tests.xctest; sourceTree = BUILT_PRODUCTS_DIR; };
		670E8C7D2C0477650076BA0F /* Lab10Tests.swift */ = {isa = PBXFileReference; lastKnownFileType = sourcecode.swift; path = Lab10Tests.swift; sourceTree = "<group>"; };
		670E8C832C0477650076BA0F /* Lab10UITests.xctest */ = {isa = PBXFileReference; explicitFileType = wrapper.cfbundle; includeInIndex = 0; path = Lab10UITests.xctest; sourceTree = BUILT_PRODUCTS_DIR; };
		670E8C872C0477650076BA0F /* Lab10UITests.swift */ = {isa = PBXFileReference; lastKnownFileType = sourcecode.swift; path = Lab10UITests.swift; sourceTree = "<group>"; };
		670E8C892C0477650076BA0F /* Lab10UITestsLaunchTests.swift */ = {isa = PBXFileReference; lastKnownFileType = sourcecode.swift; path = Lab10UITestsLaunchTests.swift; sourceTree = "<group>"; };
		670E8C992C04C00E0076BA0F /* DatabaseManager.swift */ = {isa = PBXFileReference; lastKnownFileType = sourcecode.swift; path = DatabaseManager.swift; sourceTree = "<group>"; };
		670E8C9C2C04C1240076BA0F /* libsqlite3.tbd */ = {isa = PBXFileReference; lastKnownFileType = "sourcecode.text-based-dylib-definition"; name = libsqlite3.tbd; path = usr/lib/libsqlite3.tbd; sourceTree = SDKROOT; };
		670E8C9E2C04C35B0076BA0F /* Client.swift */ = {isa = PBXFileReference; lastKnownFileType = sourcecode.swift; path = Client.swift; sourceTree = "<group>"; };
		670E8CA02C04C5F20076BA0F /* Clinic.swift */ = {isa = PBXFileReference; lastKnownFileType = sourcecode.swift; path = Clinic.swift; sourceTree = "<group>"; };
		670E8CA22C04C61C0076BA0F /* Appointment.swift */ = {isa = PBXFileReference; lastKnownFileType = sourcecode.swift; path = Appointment.swift; sourceTree = "<group>"; };
		670E8CA42C04C64B0076BA0F /* Department.swift */ = {isa = PBXFileReference; lastKnownFileType = sourcecode.swift; path = Department.swift; sourceTree = "<group>"; };
		670E8CA82C04D15D0076BA0F /* ClientController.swift */ = {isa = PBXFileReference; lastKnownFileType = sourcecode.swift; path = ClientController.swift; sourceTree = "<group>"; };
		670E8CAA2C04D1F90076BA0F /* ClinicController.swift */ = {isa = PBXFileReference; lastKnownFileType = sourcecode.swift; path = ClinicController.swift; sourceTree = "<group>"; };
		670E8CAC2C04D6120076BA0F /* AppointmentController.swift */ = {isa = PBXFileReference; lastKnownFileType = sourcecode.swift; path = AppointmentController.swift; sourceTree = "<group>"; };
		670E8CAF2C04D6640076BA0F /* DepartmentController.swift */ = {isa = PBXFileReference; lastKnownFileType = sourcecode.swift; path = DepartmentController.swift; sourceTree = "<group>"; };
		670E8CB32C050DEB0076BA0F /* LoginRegisterViewController.swift */ = {isa = PBXFileReference; lastKnownFileType = sourcecode.swift; path = LoginRegisterViewController.swift; sourceTree = "<group>"; };
		670E8CB72C050E780076BA0F /* ClinicsViewController.swift */ = {isa = PBXFileReference; lastKnownFileType = sourcecode.swift; path = ClinicsViewController.swift; sourceTree = "<group>"; };
		670E8CB92C050E970076BA0F /* ClientInfoViewController.swift */ = {isa = PBXFileReference; lastKnownFileType = sourcecode.swift; path = ClientInfoViewController.swift; sourceTree = "<group>"; };
		670E8CBD2C0534FD0076BA0F /* Validator.swift */ = {isa = PBXFileReference; lastKnownFileType = sourcecode.swift; path = Validator.swift; sourceTree = "<group>"; };
		670E8CBF2C0542C70076BA0F /* ClinicsMapViewController.swift */ = {isa = PBXFileReference; lastKnownFileType = sourcecode.swift; path = ClinicsMapViewController.swift; sourceTree = "<group>"; };
		670E8CC52C05E6B50076BA0F /* ClientSession.swift */ = {isa = PBXFileReference; lastKnownFileType = sourcecode.swift; path = ClientSession.swift; sourceTree = "<group>"; };
		670E8CC92C05F3530076BA0F /* EditAppointmentViewController.swift */ = {isa = PBXFileReference; lastKnownFileType = sourcecode.swift; path = EditAppointmentViewController.swift; sourceTree = "<group>"; };
		670E8CCB2C05F3A60076BA0F /* CreateAppointmentViewController.swift */ = {isa = PBXFileReference; lastKnownFileType = sourcecode.swift; path = CreateAppointmentViewController.swift; sourceTree = "<group>"; };
		670E8CDA2C0737010076BA0F /* AppointmentSession.swift */ = {isa = PBXFileReference; lastKnownFileType = sourcecode.swift; path = AppointmentSession.swift; sourceTree = "<group>"; };
		670E8CDF2C0773710076BA0F /* database.db */ = {isa = PBXFileReference; lastKnownFileType = file; path = database.db; sourceTree = "<group>"; };
		670E8CE12C077B430076BA0F /* Launch Screen.storyboard */ = {isa = PBXFileReference; lastKnownFileType = file.storyboard; path = "Launch Screen.storyboard"; sourceTree = "<group>"; };
/* End PBXFileReference section */

/* Begin PBXFrameworksBuildPhase section */
		670E8C5D2C0477640076BA0F /* Frameworks */ = {
			isa = PBXFrameworksBuildPhase;
			buildActionMask = 2147483647;
			files = (
				670E8C9D2C04C1240076BA0F /* libsqlite3.tbd in Frameworks */,
			);
			runOnlyForDeploymentPostprocessing = 0;
		};
		670E8C762C0477650076BA0F /* Frameworks */ = {
			isa = PBXFrameworksBuildPhase;
			buildActionMask = 2147483647;
			files = (
			);
			runOnlyForDeploymentPostprocessing = 0;
		};
		670E8C802C0477650076BA0F /* Frameworks */ = {
			isa = PBXFrameworksBuildPhase;
			buildActionMask = 2147483647;
			files = (
			);
			runOnlyForDeploymentPostprocessing = 0;
		};
/* End PBXFrameworksBuildPhase section */

/* Begin PBXGroup section */
		670E8C572C0477640076BA0F = {
			isa = PBXGroup;
			children = (
				670E8C622C0477640076BA0F /* Lab10 */,
				670E8C7C2C0477650076BA0F /* Lab10Tests */,
				670E8C862C0477650076BA0F /* Lab10UITests */,
				670E8C612C0477640076BA0F /* Products */,
				670E8C9B2C04C1240076BA0F /* Frameworks */,
			);
			sourceTree = "<group>";
		};
		670E8C612C0477640076BA0F /* Products */ = {
			isa = PBXGroup;
			children = (
				670E8C602C0477640076BA0F /* Lab10.app */,
				670E8C792C0477650076BA0F /* Lab10Tests.xctest */,
				670E8C832C0477650076BA0F /* Lab10UITests.xctest */,
			);
			name = Products;
			sourceTree = "<group>";
		};
		670E8C622C0477640076BA0F /* Lab10 */ = {
			isa = PBXGroup;
			children = (
				670E8C982C04A2930076BA0F /* Controller */,
				670E8C972C04A28C0076BA0F /* View */,
				670E8C962C04A2810076BA0F /* Model */,
				670E8C632C0477640076BA0F /* AppDelegate.swift */,
				670E8C692C0477640076BA0F /* Main.storyboard */,
				670E8C6F2C0477650076BA0F /* Assets.xcassets */,
				670E8CDF2C0773710076BA0F /* database.db */,
				670E8C742C0477650076BA0F /* Info.plist */,
				670E8C6C2C0477640076BA0F /* Lab10.xcdatamodeld */,
				670E8CE12C077B430076BA0F /* Launch Screen.storyboard */,
			);
			path = Lab10;
			sourceTree = "<group>";
		};
		670E8C7C2C0477650076BA0F /* Lab10Tests */ = {
			isa = PBXGroup;
			children = (
				670E8C7D2C0477650076BA0F /* Lab10Tests.swift */,
			);
			path = Lab10Tests;
			sourceTree = "<group>";
		};
		670E8C862C0477650076BA0F /* Lab10UITests */ = {
			isa = PBXGroup;
			children = (
				670E8C872C0477650076BA0F /* Lab10UITests.swift */,
				670E8C892C0477650076BA0F /* Lab10UITestsLaunchTests.swift */,
			);
			path = Lab10UITests;
			sourceTree = "<group>";
		};
		670E8C962C04A2810076BA0F /* Model */ = {
			isa = PBXGroup;
			children = (
				670E8C992C04C00E0076BA0F /* DatabaseManager.swift */,
				670E8C9E2C04C35B0076BA0F /* Client.swift */,
				670E8CA02C04C5F20076BA0F /* Clinic.swift */,
				670E8CA22C04C61C0076BA0F /* Appointment.swift */,
				670E8CA42C04C64B0076BA0F /* Department.swift */,
				670E8CC52C05E6B50076BA0F /* ClientSession.swift */,
				670E8CDA2C0737010076BA0F /* AppointmentSession.swift */,
			);
			path = Model;
			sourceTree = "<group>";
		};
		670E8C972C04A28C0076BA0F /* View */ = {
			isa = PBXGroup;
			children = (
				670E8CB32C050DEB0076BA0F /* LoginRegisterViewController.swift */,
				670E8CB92C050E970076BA0F /* ClientInfoViewController.swift */,
				670E8CB72C050E780076BA0F /* ClinicsViewController.swift */,
				670E8CBF2C0542C70076BA0F /* ClinicsMapViewController.swift */,
				670E8CC92C05F3530076BA0F /* EditAppointmentViewController.swift */,
				670E8CCB2C05F3A60076BA0F /* CreateAppointmentViewController.swift */,
			);
			path = View;
			sourceTree = "<group>";
		};
		670E8C982C04A2930076BA0F /* Controller */ = {
			isa = PBXGroup;
			children = (
				670E8C672C0477640076BA0F /* ViewController.swift */,
				670E8C652C0477640076BA0F /* SceneDelegate.swift */,
				670E8CA82C04D15D0076BA0F /* ClientController.swift */,
				670E8CAA2C04D1F90076BA0F /* ClinicController.swift */,
				670E8CAC2C04D6120076BA0F /* AppointmentController.swift */,
				670E8CAF2C04D6640076BA0F /* DepartmentController.swift */,
				670E8CBD2C0534FD0076BA0F /* Validator.swift */,
			);
			path = Controller;
			sourceTree = "<group>";
		};
		670E8C9B2C04C1240076BA0F /* Frameworks */ = {
			isa = PBXGroup;
			children = (
				670E8C9C2C04C1240076BA0F /* libsqlite3.tbd */,
			);
			name = Frameworks;
			sourceTree = "<group>";
		};
/* End PBXGroup section */

/* Begin PBXNativeTarget section */
		670E8C5F2C0477640076BA0F /* Lab10 */ = {
			isa = PBXNativeTarget;
			buildConfigurationList = 670E8C8D2C0477650076BA0F /* Build configuration list for PBXNativeTarget "Lab10" */;
			buildPhases = (
				670E8C5C2C0477640076BA0F /* Sources */,
				670E8C5D2C0477640076BA0F /* Frameworks */,
				670E8C5E2C0477640076BA0F /* Resources */,
			);
			buildRules = (
			);
			dependencies = (
			);
			name = Lab10;
			productName = Lab10;
			productReference = 670E8C602C0477640076BA0F /* Lab10.app */;
			productType = "com.apple.product-type.application";
		};
		670E8C782C0477650076BA0F /* Lab10Tests */ = {
			isa = PBXNativeTarget;
			buildConfigurationList = 670E8C902C0477650076BA0F /* Build configuration list for PBXNativeTarget "Lab10Tests" */;
			buildPhases = (
				670E8C752C0477650076BA0F /* Sources */,
				670E8C762C0477650076BA0F /* Frameworks */,
				670E8C772C0477650076BA0F /* Resources */,
			);
			buildRules = (
			);
			dependencies = (
				670E8C7B2C0477650076BA0F /* PBXTargetDependency */,
			);
			name = Lab10Tests;
			productName = Lab10Tests;
			productReference = 670E8C792C0477650076BA0F /* Lab10Tests.xctest */;
			productType = "com.apple.product-type.bundle.unit-test";
		};
		670E8C822C0477650076BA0F /* Lab10UITests */ = {
			isa = PBXNativeTarget;
			buildConfigurationList = 670E8C932C0477650076BA0F /* Build configuration list for PBXNativeTarget "Lab10UITests" */;
			buildPhases = (
				670E8C7F2C0477650076BA0F /* Sources */,
				670E8C802C0477650076BA0F /* Frameworks */,
				670E8C812C0477650076BA0F /* Resources */,
			);
			buildRules = (
			);
			dependencies = (
				670E8C852C0477650076BA0F /* PBXTargetDependency */,
			);
			name = Lab10UITests;
			productName = Lab10UITests;
			productReference = 670E8C832C0477650076BA0F /* Lab10UITests.xctest */;
			productType = "com.apple.product-type.bundle.ui-testing";
		};
/* End PBXNativeTarget section */

/* Begin PBXProject section */
		670E8C582C0477640076BA0F /* Project object */ = {
			isa = PBXProject;
			attributes = {
				BuildIndependentTargetsInParallel = 1;
				KnownAssetTags = (
					New,
				);
				LastSwiftUpdateCheck = 1530;
				LastUpgradeCheck = 1530;
				TargetAttributes = {
					670E8C5F2C0477640076BA0F = {
						CreatedOnToolsVersion = 15.3;
					};
					670E8C782C0477650076BA0F = {
						CreatedOnToolsVersion = 15.3;
						TestTargetID = 670E8C5F2C0477640076BA0F;
					};
					670E8C822C0477650076BA0F = {
						CreatedOnToolsVersion = 15.3;
						TestTargetID = 670E8C5F2C0477640076BA0F;
					};
				};
			};
			buildConfigurationList = 670E8C5B2C0477640076BA0F /* Build configuration list for PBXProject "Lab10" */;
			compatibilityVersion = "Xcode 14.0";
			developmentRegion = en;
			hasScannedForEncodings = 0;
			knownRegions = (
				en,
				Base,
			);
			mainGroup = 670E8C572C0477640076BA0F;
			productRefGroup = 670E8C612C0477640076BA0F /* Products */;
			projectDirPath = "";
			projectRoot = "";
			targets = (
				670E8C5F2C0477640076BA0F /* Lab10 */,
				670E8C782C0477650076BA0F /* Lab10Tests */,
				670E8C822C0477650076BA0F /* Lab10UITests */,
			);
		};
/* End PBXProject section */

/* Begin PBXResourcesBuildPhase section */
		670E8C5E2C0477640076BA0F /* Resources */ = {
			isa = PBXResourcesBuildPhase;
			buildActionMask = 2147483647;
			files = (
				670E8CE02C0773710076BA0F /* database.db in Resources */,
				670E8C702C0477650076BA0F /* Assets.xcassets in Resources */,
				670E8CE22C077B430076BA0F /* Launch Screen.storyboard in Resources */,
				670E8C6B2C0477640076BA0F /* Base in Resources */,
			);
			runOnlyForDeploymentPostprocessing = 0;
		};
		670E8C772C0477650076BA0F /* Resources */ = {
			isa = PBXResourcesBuildPhase;
			buildActionMask = 2147483647;
			files = (
			);
			runOnlyForDeploymentPostprocessing = 0;
		};
		670E8C812C0477650076BA0F /* Resources */ = {
			isa = PBXResourcesBuildPhase;
			buildActionMask = 2147483647;
			files = (
			);
			runOnlyForDeploymentPostprocessing = 0;
		};
/* End PBXResourcesBuildPhase section */

/* Begin PBXSourcesBuildPhase section */
		670E8C5C2C0477640076BA0F /* Sources */ = {
			isa = PBXSourcesBuildPhase;
			buildActionMask = 2147483647;
			files = (
				670E8CB42C050DEB0076BA0F /* LoginRegisterViewController.swift in Sources */,
				670E8C682C0477640076BA0F /* ViewController.swift in Sources */,
				670E8CA12C04C5F20076BA0F /* Clinic.swift in Sources */,
				670E8CBA2C050E970076BA0F /* ClientInfoViewController.swift in Sources */,
				670E8CA92C04D15D0076BA0F /* ClientController.swift in Sources */,
				670E8CCC2C05F3A60076BA0F /* CreateAppointmentViewController.swift in Sources */,
				670E8CA52C04C64B0076BA0F /* Department.swift in Sources */,
				670E8CCA2C05F3530076BA0F /* EditAppointmentViewController.swift in Sources */,
				670E8CDB2C0737010076BA0F /* AppointmentSession.swift in Sources */,
				670E8CAB2C04D1F90076BA0F /* ClinicController.swift in Sources */,
				670E8CC02C0542C70076BA0F /* ClinicsMapViewController.swift in Sources */,
				670E8C642C0477640076BA0F /* AppDelegate.swift in Sources */,
				670E8CAD2C04D6120076BA0F /* AppointmentController.swift in Sources */,
				670E8CC62C05E6B50076BA0F /* ClientSession.swift in Sources */,
				670E8CBE2C0534FD0076BA0F /* Validator.swift in Sources */,
				670E8CA32C04C61C0076BA0F /* Appointment.swift in Sources */,
				670E8CB82C050E780076BA0F /* ClinicsViewController.swift in Sources */,
				670E8C9F2C04C35B0076BA0F /* Client.swift in Sources */,
				670E8CB02C04D6640076BA0F /* DepartmentController.swift in Sources */,
				670E8C9A2C04C00E0076BA0F /* DatabaseManager.swift in Sources */,
				670E8C6E2C0477640076BA0F /* Lab10.xcdatamodeld in Sources */,
				670E8C662C0477640076BA0F /* SceneDelegate.swift in Sources */,
			);
			runOnlyForDeploymentPostprocessing = 0;
		};
		670E8C752C0477650076BA0F /* Sources */ = {
			isa = PBXSourcesBuildPhase;
			buildActionMask = 2147483647;
			files = (
				670E8C7E2C0477650076BA0F /* Lab10Tests.swift in Sources */,
			);
			runOnlyForDeploymentPostprocessing = 0;
		};
		670E8C7F2C0477650076BA0F /* Sources */ = {
			isa = PBXSourcesBuildPhase;
			buildActionMask = 2147483647;
			files = (
				670E8C882C0477650076BA0F /* Lab10UITests.swift in Sources */,
				670E8C8A2C0477650076BA0F /* Lab10UITestsLaunchTests.swift in Sources */,
			);
			runOnlyForDeploymentPostprocessing = 0;
		};
/* End PBXSourcesBuildPhase section */

/* Begin PBXTargetDependency section */
		670E8C7B2C0477650076BA0F /* PBXTargetDependency */ = {
			isa = PBXTargetDependency;
			target = 670E8C5F2C0477640076BA0F /* Lab10 */;
			targetProxy = 670E8C7A2C0477650076BA0F /* PBXContainerItemProxy */;
		};
		670E8C852C0477650076BA0F /* PBXTargetDependency */ = {
			isa = PBXTargetDependency;
			target = 670E8C5F2C0477640076BA0F /* Lab10 */;
			targetProxy = 670E8C842C0477650076BA0F /* PBXContainerItemProxy */;
		};
/* End PBXTargetDependency section */

/* Begin PBXVariantGroup section */
		670E8C692C0477640076BA0F /* Main.storyboard */ = {
			isa = PBXVariantGroup;
			children = (
				670E8C6A2C0477640076BA0F /* Base */,
			);
			name = Main.storyboard;
			sourceTree = "<group>";
		};
/* End PBXVariantGroup section */

/* Begin XCBuildConfiguration section */
		670E8C8B2C0477650076BA0F /* Debug */ = {
			isa = XCBuildConfiguration;
			buildSettings = {
				ALWAYS_SEARCH_USER_PATHS = NO;
				ASSETCATALOG_COMPILER_GENERATE_SWIFT_ASSET_SYMBOL_EXTENSIONS = YES;
				CLANG_ANALYZER_NONNULL = YES;
				CLANG_ANALYZER_NUMBER_OBJECT_CONVERSION = YES_AGGRESSIVE;
				CLANG_CXX_LANGUAGE_STANDARD = "gnu++20";
				CLANG_ENABLE_MODULES = YES;
				CLANG_ENABLE_OBJC_ARC = YES;
				CLANG_ENABLE_OBJC_WEAK = YES;
				CLANG_WARN_BLOCK_CAPTURE_AUTORELEASING = YES;
				CLANG_WARN_BOOL_CONVERSION = YES;
				CLANG_WARN_COMMA = YES;
				CLANG_WARN_CONSTANT_CONVERSION = YES;
				CLANG_WARN_DEPRECATED_OBJC_IMPLEMENTATIONS = YES;
				CLANG_WARN_DIRECT_OBJC_ISA_USAGE = YES_ERROR;
				CLANG_WARN_DOCUMENTATION_COMMENTS = YES;
				CLANG_WARN_EMPTY_BODY = YES;
				CLANG_WARN_ENUM_CONVERSION = YES;
				CLANG_WARN_INFINITE_RECURSION = YES;
				CLANG_WARN_INT_CONVERSION = YES;
				CLANG_WARN_NON_LITERAL_NULL_CONVERSION = YES;
				CLANG_WARN_OBJC_IMPLICIT_RETAIN_SELF = YES;
				CLANG_WARN_OBJC_LITERAL_CONVERSION = YES;
				CLANG_WARN_OBJC_ROOT_CLASS = YES_ERROR;
				CLANG_WARN_QUOTED_INCLUDE_IN_FRAMEWORK_HEADER = YES;
				CLANG_WARN_RANGE_LOOP_ANALYSIS = YES;
				CLANG_WARN_STRICT_PROTOTYPES = YES;
				CLANG_WARN_SUSPICIOUS_MOVE = YES;
				CLANG_WARN_UNGUARDED_AVAILABILITY = YES_AGGRESSIVE;
				CLANG_WARN_UNREACHABLE_CODE = YES;
				CLANG_WARN__DUPLICATE_METHOD_MATCH = YES;
				COPY_PHASE_STRIP = NO;
				DEBUG_INFORMATION_FORMAT = dwarf;
				ENABLE_STRICT_OBJC_MSGSEND = YES;
				ENABLE_TESTABILITY = YES;
				ENABLE_USER_SCRIPT_SANDBOXING = YES;
				GCC_C_LANGUAGE_STANDARD = gnu17;
				GCC_DYNAMIC_NO_PIC = NO;
				GCC_NO_COMMON_BLOCKS = YES;
				GCC_OPTIMIZATION_LEVEL = 0;
				GCC_PREPROCESSOR_DEFINITIONS = (
					"DEBUG=1",
					"$(inherited)",
				);
				GCC_WARN_64_TO_32_BIT_CONVERSION = YES;
				GCC_WARN_ABOUT_RETURN_TYPE = YES_ERROR;
				GCC_WARN_UNDECLARED_SELECTOR = YES;
				GCC_WARN_UNINITIALIZED_AUTOS = YES_AGGRESSIVE;
				GCC_WARN_UNUSED_FUNCTION = YES;
				GCC_WARN_UNUSED_VARIABLE = YES;
				IPHONEOS_DEPLOYMENT_TARGET = 17.4;
				LOCALIZATION_PREFERS_STRING_CATALOGS = YES;
				MTL_ENABLE_DEBUG_INFO = INCLUDE_SOURCE;
				MTL_FAST_MATH = YES;
				ONLY_ACTIVE_ARCH = YES;
				SDKROOT = iphoneos;
				SWIFT_ACTIVE_COMPILATION_CONDITIONS = "DEBUG $(inherited)";
				SWIFT_OPTIMIZATION_LEVEL = "-Onone";
			};
			name = Debug;
		};
		670E8C8C2C0477650076BA0F /* Release */ = {
			isa = XCBuildConfiguration;
			buildSettings = {
				ALWAYS_SEARCH_USER_PATHS = NO;
				ASSETCATALOG_COMPILER_GENERATE_SWIFT_ASSET_SYMBOL_EXTENSIONS = YES;
				CLANG_ANALYZER_NONNULL = YES;
				CLANG_ANALYZER_NUMBER_OBJECT_CONVERSION = YES_AGGRESSIVE;
				CLANG_CXX_LANGUAGE_STANDARD = "gnu++20";
				CLANG_ENABLE_MODULES = YES;
				CLANG_ENABLE_OBJC_ARC = YES;
				CLANG_ENABLE_OBJC_WEAK = YES;
				CLANG_WARN_BLOCK_CAPTURE_AUTORELEASING = YES;
				CLANG_WARN_BOOL_CONVERSION = YES;
				CLANG_WARN_COMMA = YES;
				CLANG_WARN_CONSTANT_CONVERSION = YES;
				CLANG_WARN_DEPRECATED_OBJC_IMPLEMENTATIONS = YES;
				CLANG_WARN_DIRECT_OBJC_ISA_USAGE = YES_ERROR;
				CLANG_WARN_DOCUMENTATION_COMMENTS = YES;
				CLANG_WARN_EMPTY_BODY = YES;
				CLANG_WARN_ENUM_CONVERSION = YES;
				CLANG_WARN_INFINITE_RECURSION = YES;
				CLANG_WARN_INT_CONVERSION = YES;
				CLANG_WARN_NON_LITERAL_NULL_CONVERSION = YES;
				CLANG_WARN_OBJC_IMPLICIT_RETAIN_SELF = YES;
				CLANG_WARN_OBJC_LITERAL_CONVERSION = YES;
				CLANG_WARN_OBJC_ROOT_CLASS = YES_ERROR;
				CLANG_WARN_QUOTED_INCLUDE_IN_FRAMEWORK_HEADER = YES;
				CLANG_WARN_RANGE_LOOP_ANALYSIS = YES;
				CLANG_WARN_STRICT_PROTOTYPES = YES;
				CLANG_WARN_SUSPICIOUS_MOVE = YES;
				CLANG_WARN_UNGUARDED_AVAILABILITY = YES_AGGRESSIVE;
				CLANG_WARN_UNREACHABLE_CODE = YES;
				CLANG_WARN__DUPLICATE_METHOD_MATCH = YES;
				COPY_PHASE_STRIP = NO;
				DEBUG_INFORMATION_FORMAT = "dwarf-with-dsym";
				ENABLE_NS_ASSERTIONS = NO;
				ENABLE_STRICT_OBJC_MSGSEND = YES;
				ENABLE_USER_SCRIPT_SANDBOXING = YES;
				GCC_C_LANGUAGE_STANDARD = gnu17;
				GCC_NO_COMMON_BLOCKS = YES;
				GCC_WARN_64_TO_32_BIT_CONVERSION = YES;
				GCC_WARN_ABOUT_RETURN_TYPE = YES_ERROR;
				GCC_WARN_UNDECLARED_SELECTOR = YES;
				GCC_WARN_UNINITIALIZED_AUTOS = YES_AGGRESSIVE;
				GCC_WARN_UNUSED_FUNCTION = YES;
				GCC_WARN_UNUSED_VARIABLE = YES;
				IPHONEOS_DEPLOYMENT_TARGET = 17.4;
				LOCALIZATION_PREFERS_STRING_CATALOGS = YES;
				MTL_ENABLE_DEBUG_INFO = NO;
				MTL_FAST_MATH = YES;
				SDKROOT = iphoneos;
				SWIFT_COMPILATION_MODE = wholemodule;
				VALIDATE_PRODUCT = YES;
			};
			name = Release;
		};
		670E8C8E2C0477650076BA0F /* Debug */ = {
			isa = XCBuildConfiguration;
			buildSettings = {
				ASSETCATALOG_COMPILER_GLOBAL_ACCENT_COLOR_NAME = AccentColor;
				ASSETCATALOG_COMPILER_INCLUDE_ALL_APPICON_ASSETS = NO;
				CODE_SIGN_STYLE = Automatic;
				CURRENT_PROJECT_VERSION = 1;
				DEVELOPMENT_TEAM = 9W88GSA574;
				GENERATE_INFOPLIST_FILE = YES;
				INFOPLIST_FILE = Lab10/Info.plist;
				INFOPLIST_KEY_CFBundleDisplayName = Clinics;
				INFOPLIST_KEY_NSLocationAlwaysAndWhenInUseUsageDescription = "We need your location to show nearby clinics";
				INFOPLIST_KEY_NSLocationWhenInUseUsageDescription = "We need your location to show nearby clinics";
				INFOPLIST_KEY_UIApplicationSupportsIndirectInputEvents = YES;
				INFOPLIST_KEY_UILaunchStoryboardName = "Launch Screen.storyboard";
				INFOPLIST_KEY_UIMainStoryboardFile = Main;
				INFOPLIST_KEY_UISupportedInterfaceOrientations_iPad = "UIInterfaceOrientationPortrait UIInterfaceOrientationPortraitUpsideDown UIInterfaceOrientationLandscapeLeft UIInterfaceOrientationLandscapeRight";
				INFOPLIST_KEY_UISupportedInterfaceOrientations_iPhone = "UIInterfaceOrientationPortrait UIInterfaceOrientationLandscapeLeft UIInterfaceOrientationLandscapeRight";
				IPHONEOS_DEPLOYMENT_TARGET = 17.0;
				LD_RUNPATH_SEARCH_PATHS = (
					"$(inherited)",
					"@executable_path/Frameworks",
				);
				MARKETING_VERSION = 1.0;
				PRODUCT_BUNDLE_IDENTIFIER = hryakopluhi.Lab10;
				PRODUCT_NAME = "$(TARGET_NAME)";
				SWIFT_EMIT_LOC_STRINGS = YES;
				SWIFT_VERSION = 5.0;
				TARGETED_DEVICE_FAMILY = "1,2";
			};
			name = Debug;
		};
		670E8C8F2C0477650076BA0F /* Release */ = {
			isa = XCBuildConfiguration;
			buildSettings = {
				ASSETCATALOG_COMPILER_GLOBAL_ACCENT_COLOR_NAME = AccentColor;
				ASSETCATALOG_COMPILER_INCLUDE_ALL_APPICON_ASSETS = NO;
				CODE_SIGN_STYLE = Automatic;
				CURRENT_PROJECT_VERSION = 1;
				DEVELOPMENT_TEAM = 9W88GSA574;
				GENERATE_INFOPLIST_FILE = YES;
				INFOPLIST_FILE = Lab10/Info.plist;
				INFOPLIST_KEY_CFBundleDisplayName = Clinics;
				INFOPLIST_KEY_NSLocationAlwaysAndWhenInUseUsageDescription = "We need your location to show nearby clinics";
				INFOPLIST_KEY_NSLocationWhenInUseUsageDescription = "We need your location to show nearby clinics";
				INFOPLIST_KEY_UIApplicationSupportsIndirectInputEvents = YES;
				INFOPLIST_KEY_UILaunchStoryboardName = "Launch Screen.storyboard";
				INFOPLIST_KEY_UIMainStoryboardFile = Main;
				INFOPLIST_KEY_UISupportedInterfaceOrientations_iPad = "UIInterfaceOrientationPortrait UIInterfaceOrientationPortraitUpsideDown UIInterfaceOrientationLandscapeLeft UIInterfaceOrientationLandscapeRight";
				INFOPLIST_KEY_UISupportedInterfaceOrientations_iPhone = "UIInterfaceOrientationPortrait UIInterfaceOrientationLandscapeLeft UIInterfaceOrientationLandscapeRight";
				IPHONEOS_DEPLOYMENT_TARGET = 17.0;
				LD_RUNPATH_SEARCH_PATHS = (
					"$(inherited)",
					"@executable_path/Frameworks",
				);
				MARKETING_VERSION = 1.0;
				PRODUCT_BUNDLE_IDENTIFIER = hryakopluhi.Lab10;
				PRODUCT_NAME = "$(TARGET_NAME)";
				SWIFT_EMIT_LOC_STRINGS = YES;
				SWIFT_VERSION = 5.0;
				TARGETED_DEVICE_FAMILY = "1,2";
			};
			name = Release;
		};
		670E8C912C0477650076BA0F /* Debug */ = {
			isa = XCBuildConfiguration;
			buildSettings = {
				ALWAYS_EMBED_SWIFT_STANDARD_LIBRARIES = YES;
				BUNDLE_LOADER = "$(TEST_HOST)";
				CODE_SIGN_STYLE = Automatic;
				CURRENT_PROJECT_VERSION = 1;
				GENERATE_INFOPLIST_FILE = YES;
				IPHONEOS_DEPLOYMENT_TARGET = 17.4;
				MARKETING_VERSION = 1.0;
				PRODUCT_BUNDLE_IDENTIFIER = hryakopluhi.Lab10Tests;
				PRODUCT_NAME = "$(TARGET_NAME)";
				SWIFT_EMIT_LOC_STRINGS = NO;
				SWIFT_VERSION = 5.0;
				TARGETED_DEVICE_FAMILY = "1,2";
				TEST_HOST = "$(BUILT_PRODUCTS_DIR)/Lab10.app/$(BUNDLE_EXECUTABLE_FOLDER_PATH)/Lab10";
			};
			name = Debug;
		};
		670E8C922C0477650076BA0F /* Release */ = {
			isa = XCBuildConfiguration;
			buildSettings = {
				ALWAYS_EMBED_SWIFT_STANDARD_LIBRARIES = YES;
				BUNDLE_LOADER = "$(TEST_HOST)";
				CODE_SIGN_STYLE = Automatic;
				CURRENT_PROJECT_VERSION = 1;
				GENERATE_INFOPLIST_FILE = YES;
				IPHONEOS_DEPLOYMENT_TARGET = 17.4;
				MARKETING_VERSION = 1.0;
				PRODUCT_BUNDLE_IDENTIFIER = hryakopluhi.Lab10Tests;
				PRODUCT_NAME = "$(TARGET_NAME)";
				SWIFT_EMIT_LOC_STRINGS = NO;
				SWIFT_VERSION = 5.0;
				TARGETED_DEVICE_FAMILY = "1,2";
				TEST_HOST = "$(BUILT_PRODUCTS_DIR)/Lab10.app/$(BUNDLE_EXECUTABLE_FOLDER_PATH)/Lab10";
			};
			name = Release;
		};
		670E8C942C0477650076BA0F /* Debug */ = {
			isa = XCBuildConfiguration;
			buildSettings = {
				ALWAYS_EMBED_SWIFT_STANDARD_LIBRARIES = YES;
				CODE_SIGN_STYLE = Automatic;
				CURRENT_PROJECT_VERSION = 1;
				GENERATE_INFOPLIST_FILE = YES;
				MARKETING_VERSION = 1.0;
				PRODUCT_BUNDLE_IDENTIFIER = hryakopluhi.Lab10UITests;
				PRODUCT_NAME = "$(TARGET_NAME)";
				SWIFT_EMIT_LOC_STRINGS = NO;
				SWIFT_VERSION = 5.0;
				TARGETED_DEVICE_FAMILY = "1,2";
				TEST_TARGET_NAME = Lab10;
			};
			name = Debug;
		};
		670E8C952C0477650076BA0F /* Release */ = {
			isa = XCBuildConfiguration;
			buildSettings = {
				ALWAYS_EMBED_SWIFT_STANDARD_LIBRARIES = YES;
				CODE_SIGN_STYLE = Automatic;
				CURRENT_PROJECT_VERSION = 1;
				GENERATE_INFOPLIST_FILE = YES;
				MARKETING_VERSION = 1.0;
				PRODUCT_BUNDLE_IDENTIFIER = hryakopluhi.Lab10UITests;
				PRODUCT_NAME = "$(TARGET_NAME)";
				SWIFT_EMIT_LOC_STRINGS = NO;
				SWIFT_VERSION = 5.0;
				TARGETED_DEVICE_FAMILY = "1,2";
				TEST_TARGET_NAME = Lab10;
			};
			name = Release;
		};
/* End XCBuildConfiguration section */

/* Begin XCConfigurationList section */
		670E8C5B2C0477640076BA0F /* Build configuration list for PBXProject "Lab10" */ = {
			isa = XCConfigurationList;
			buildConfigurations = (
				670E8C8B2C0477650076BA0F /* Debug */,
				670E8C8C2C0477650076BA0F /* Release */,
			);
			defaultConfigurationIsVisible = 0;
			defaultConfigurationName = Release;
		};
		670E8C8D2C0477650076BA0F /* Build configuration list for PBXNativeTarget "Lab10" */ = {
			isa = XCConfigurationList;
			buildConfigurations = (
				670E8C8E2C0477650076BA0F /* Debug */,
				670E8C8F2C0477650076BA0F /* Release */,
			);
			defaultConfigurationIsVisible = 0;
			defaultConfigurationName = Release;
		};
		670E8C902C0477650076BA0F /* Build configuration list for PBXNativeTarget "Lab10Tests" */ = {
			isa = XCConfigurationList;
			buildConfigurations = (
				670E8C912C0477650076BA0F /* Debug */,
				670E8C922C0477650076BA0F /* Release */,
			);
			defaultConfigurationIsVisible = 0;
			defaultConfigurationName = Release;
		};
		670E8C932C0477650076BA0F /* Build configuration list for PBXNativeTarget "Lab10UITests" */ = {
			isa = XCConfigurationList;
			buildConfigurations = (
				670E8C942C0477650076BA0F /* Debug */,
				670E8C952C0477650076BA0F /* Release */,
			);
			defaultConfigurationIsVisible = 0;
			defaultConfigurationName = Release;
		};
/* End XCConfigurationList section */

/* Begin XCVersionGroup section */
		670E8C6C2C0477640076BA0F /* Lab10.xcdatamodeld */ = {
			isa = XCVersionGroup;
			children = (
				670E8C6D2C0477640076BA0F /* Lab10.xcdatamodel */,
			);
			currentVersion = 670E8C6D2C0477640076BA0F /* Lab10.xcdatamodel */;
			path = Lab10.xcdatamodeld;
			sourceTree = "<group>";
			versionGroupType = wrapper.xcdatamodel;
		};
/* End XCVersionGroup section */
	};
	rootObject = 670E8C582C0477640076BA0F /* Project object */;
}
